// !$*UTF8*$!
{
	archiveVersion = 1;
	classes = {
	};
	objectVersion = 56;
	objects = {

/* Begin PBXBuildFile section */
		A1B2C3D401000001 /* EisenhowerMatrixApp.swift in Sources */ = {isa = PBXBuildFile; fileRef = A1B2C3D402000001 /* EisenhowerMatrixApp.swift */; };
		A1B2C3D401000002 /* ContentView.swift in Sources */ = {isa = PBXBuildFile; fileRef = A1B2C3D402000002 /* ContentView.swift */; };
		A1B2C3D401000003 /* Task.swift in Sources */ = {isa = PBXBuildFile; fileRef = A1B2C3D402000003 /* Task.swift */; };
		A1B2C3D401000004 /* LocalStorageService.swift in Sources */ = {isa = PBXBuildFile; fileRef = A1B2C3D402000004 /* LocalStorageService.swift */; };
		A1B2C3D401000005 /* GitHubService.swift in Sources */ = {isa = PBXBuildFile; fileRef = A1B2C3D402000005 /* GitHubService.swift */; };
		A1B2C3D401000006 /* TaskViewModel.swift in Sources */ = {isa = PBXBuildFile; fileRef = A1B2C3D402000006 /* TaskViewModel.swift */; };
		A1B2C3D401000007 /* TaskRowView.swift in Sources */ = {isa = PBXBuildFile; fileRef = A1B2C3D402000007 /* TaskRowView.swift */; };
		A1B2C3D401000008 /* QuadrantView.swift in Sources */ = {isa = PBXBuildFile; fileRef = A1B2C3D402000008 /* QuadrantView.swift */; };
		A1B2C3D401000009 /* StatsBarView.swift in Sources */ = {isa = PBXBuildFile; fileRef = A1B2C3D402000009 /* StatsBarView.swift */; };
		A1B2C3D40100000A /* TrashPanelView.swift in Sources */ = {isa = PBXBuildFile; fileRef = A1B2C3D40200000A /* TrashPanelView.swift */; };
		A1B2C3D40100000B /* GitHubSettingsView.swift in Sources */ = {isa = PBXBuildFile; fileRef = A1B2C3D40200000B /* GitHubSettingsView.swift */; };
		A1B2C3D40100000C /* Assets.xcassets in Resources */ = {isa = PBXBuildFile; fileRef = A1B2C3D40200000D /* Assets.xcassets */; };
/* End PBXBuildFile section */

/* Begin PBXFileReference section */
		A1B2C3D402000001 /* EisenhowerMatrixApp.swift */ = {isa = PBXFileReference; lastKnownFileType = sourcecode.swift; path = EisenhowerMatrixApp.swift; sourceTree = "<group>"; };
		A1B2C3D402000002 /* ContentView.swift */ = {isa = PBXFileReference; lastKnownFileType = sourcecode.swift; path = ContentView.swift; sourceTree = "<group>"; };
		A1B2C3D402000003 /* Task.swift */ = {isa = PBXFileReference; lastKnownFileType = sourcecode.swift; path = Task.swift; sourceTree = "<group>"; };
		A1B2C3D402000004 /* LocalStorageService.swift */ = {isa = PBXFileReference; lastKnownFileType = sourcecode.swift; path = LocalStorageService.swift; sourceTree = "<group>"; };
		A1B2C3D402000005 /* GitHubService.swift */ = {isa = PBXFileReference; lastKnownFileType = sourcecode.swift; path = GitHubService.swift; sourceTree = "<group>"; };
		A1B2C3D402000006 /* TaskViewModel.swift */ = {isa = PBXFileReference; lastKnownFileType = sourcecode.swift; path = TaskViewModel.swift; sourceTree = "<group>"; };
		A1B2C3D402000007 /* TaskRowView.swift */ = {isa = PBXFileReference; lastKnownFileType = sourcecode.swift; path = TaskRowView.swift; sourceTree = "<group>"; };
		A1B2C3D402000008 /* QuadrantView.swift */ = {isa = PBXFileReference; lastKnownFileType = sourcecode.swift; path = QuadrantView.swift; sourceTree = "<group>"; };
		A1B2C3D402000009 /* StatsBarView.swift */ = {isa = PBXFileReference; lastKnownFileType = sourcecode.swift; path = StatsBarView.swift; sourceTree = "<group>"; };
		A1B2C3D40200000A /* TrashPanelView.swift */ = {isa = PBXFileReference; lastKnownFileType = sourcecode.swift; path = TrashPanelView.swift; sourceTree = "<group>"; };
		A1B2C3D40200000B /* GitHubSettingsView.swift */ = {isa = PBXFileReference; lastKnownFileType = sourcecode.swift; path = GitHubSettingsView.swift; sourceTree = "<group>"; };
		A1B2C3D40200000C /* Info.plist */ = {isa = PBXFileReference; lastKnownFileType = text.plist.xml; path = Info.plist; sourceTree = "<group>"; };
		A1B2C3D40200000D /* Assets.xcassets */ = {isa = PBXFileReference; lastKnownFileType = folder.assetcatalog; path = Assets.xcassets; sourceTree = "<group>"; };
		A1B2C3D40200000E /* EisenhowerMatrix.entitlements */ = {isa = PBXFileReference; lastKnownFileType = text.plist.entitlements; path = EisenhowerMatrix.entitlements; sourceTree = "<group>"; };
		A1B2C3D403000001 /* EisenhowerMatrix.app */ = {isa = PBXFileReference; explicitFileType = wrapper.application; includeInIndex = 0; path = EisenhowerMatrix.app; sourceTree = BUILT_PRODUCTS_DIR; };
/* End PBXFileReference section */

/* Begin PBXFrameworksBuildPhase section */
		A1B2C3D404000001 /* Frameworks */ = {
			isa = PBXFrameworksBuildPhase;
			buildActionMask = 2147483647;
			files = (
			);
			runOnlyForDeploymentPostprocessing = 0;
		};
/* End PBXFrameworksBuildPhase section */

/* Begin PBXGroup section */
		A1B2C3D405000001 = {
			isa = PBXGroup;
			children = (
				A1B2C3D405000002 /* EisenhowerMatrix */,
				A1B2C3D405000003 /* Products */,
			);
			sourceTree = "<group>";
		};
		A1B2C3D405000002 /* EisenhowerMatrix */ = {
			isa = PBXGroup;
			children = (
				A1B2C3D402000001 /* EisenhowerMatrixApp.swift */,
				A1B2C3D40200000D /* Assets.xcassets */,
				A1B2C3D40200000E /* EisenhowerMatrix.entitlements */,
				A1B2C3D405000004 /* Models */,
				A1B2C3D405000005 /* Services */,
				A1B2C3D405000006 /* ViewModels */,
				A1B2C3D405000007 /* Views */,
				A1B2C3D405000008 /* Resources */,
			);
			path = EisenhowerMatrix;
			sourceTree = "<group>";
		};
		A1B2C3D405000003 /* Products */ = {
			isa = PBXGroup;
			children = (
				A1B2C3D403000001 /* EisenhowerMatrix.app */,
			);
			name = Products;
			sourceTree = "<group>";
		};
		A1B2C3D405000004 /* Models */ = {
			isa = PBXGroup;
			children = (
				A1B2C3D402000003 /* Task.swift */,
			);
			path = Models;
			sourceTree = "<group>";
		};
		A1B2C3D405000005 /* Services */ = {
			isa = PBXGroup;
			children = (
				A1B2C3D402000004 /* LocalStorageService.swift */,
				A1B2C3D402000005 /* GitHubService.swift */,
			);
			path = Services;
			sourceTree = "<group>";
		};
		A1B2C3D405000006 /* ViewModels */ = {
			isa = PBXGroup;
			children = (
				A1B2C3D402000006 /* TaskViewModel.swift */,
			);
			path = ViewModels;
			sourceTree = "<group>";
		};
		A1B2C3D405000007 /* Views */ = {
			isa = PBXGroup;
			children = (
				A1B2C3D402000002 /* ContentView.swift */,
				A1B2C3D402000007 /* TaskRowView.swift */,
				A1B2C3D402000008 /* QuadrantView.swift */,
				A1B2C3D402000009 /* StatsBarView.swift */,
				A1B2C3D40200000A /* TrashPanelView.swift */,
				A1B2C3D40200000B /* GitHubSettingsView.swift */,
			);
			path = Views;
			sourceTree = "<group>";
		};
		A1B2C3D405000008 /* Resources */ = {
			isa = PBXGroup;
			children = (
				A1B2C3D40200000C /* Info.plist */,
			);
			path = Resources;
			sourceTree = "<group>";
		};
/* End PBXGroup section */

/* Begin PBXNativeTarget section */
		A1B2C3D406000001 /* EisenhowerMatrix */ = {
			isa = PBXNativeTarget;
			buildConfigurationList = A1B2C3D409000001 /* Build configuration list for PBXNativeTarget "EisenhowerMatrix" */;
			buildPhases = (
				A1B2C3D407000001 /* Sources */,
				A1B2C3D404000001 /* Frameworks */,
				A1B2C3D407000002 /* Resources */,
			);
			buildRules = (
			);
			dependencies = (
			);
			name = EisenhowerMatrix;
			productName = EisenhowerMatrix;
			productReference = A1B2C3D403000001 /* EisenhowerMatrix.app */;
			productType = "com.apple.product-type.application";
		};
/* End PBXNativeTarget section */

/* Begin PBXProject section */
		A1B2C3D408000001 /* Project object */ = {
			isa = PBXProject;
			attributes = {
				BuildIndependentTargetsInParallel = 1;
				LastSwiftUpdateCheck = 1530;
				LastUpgradeCheck = 1640;
				TargetAttributes = {
					A1B2C3D406000001 = {
						CreatedOnToolsVersion = 15.3;
					};
				};
			};
			buildConfigurationList = A1B2C3D409000002 /* Build configuration list for PBXProject "EisenhowerMatrix" */;
			compatibilityVersion = "Xcode 14.0";
			developmentRegion = "zh-Hans";
			hasScannedForEncodings = 0;
			knownRegions = (
				en,
				"zh-Hans",
				Base,
			);
			mainGroup = A1B2C3D405000001;
			productRefGroup = A1B2C3D405000003 /* Products */;
			projectDirPath = "";
			projectRoot = "";
			targets = (
				A1B2C3D406000001 /* EisenhowerMatrix */,
			);
		};
/* End PBXProject section */

/* Begin PBXResourcesBuildPhase section */
		A1B2C3D407000002 /* Resources */ = {
			isa = PBXResourcesBuildPhase;
			buildActionMask = 2147483647;
			files = (
				A1B2C3D40100000C /* Assets.xcassets in Resources */,
			);
			runOnlyForDeploymentPostprocessing = 0;
		};
/* End PBXResourcesBuildPhase section */

/* Begin PBXSourcesBuildPhase section */
		A1B2C3D407000001 /* Sources */ = {
			isa = PBXSourcesBuildPhase;
			buildActionMask = 2147483647;
			files = (
				A1B2C3D401000001 /* EisenhowerMatrixApp.swift in Sources */,
				A1B2C3D401000002 /* ContentView.swift in Sources */,
				A1B2C3D401000003 /* Task.swift in Sources */,
				A1B2C3D401000004 /* LocalStorageService.swift in Sources */,
				A1B2C3D401000005 /* GitHubService.swift in Sources */,
				A1B2C3D401000006 /* TaskViewModel.swift in Sources */,
				A1B2C3D401000007 /* TaskRowView.swift in Sources */,
				A1B2C3D401000008 /* QuadrantView.swift in Sources */,
				A1B2C3D401000009 /* StatsBarView.swift in Sources */,
				A1B2C3D40100000A /* TrashPanelView.swift in Sources */,
				A1B2C3D40100000B /* GitHubSettingsView.swift in Sources */,
			);
			runOnlyForDeploymentPostprocessing = 0;
		};
/* End PBXSourcesBuildPhase section */

/* Begin XCBuildConfiguration section */
		A1B2C3D40A000001 /* Debug */ = {
			isa = XCBuildConfiguration;
			buildSettings = {
				ASSETCATALOG_COMPILER_APPICON_NAME = AppIcon;
				CODE_SIGN_ALLOW_ENTITLEMENTS_MODIFICATION = YES;
				CODE_SIGN_ENTITLEMENTS = EisenhowerMatrix/EisenhowerMatrix.entitlements;
				CODE_SIGN_STYLE = Automatic;
				COMBINE_HIDPI_IMAGES = YES;
				CURRENT_PROJECT_VERSION = 1;
				DEAD_CODE_STRIPPING = YES;
				ENABLE_APP_SANDBOX = YES;
				ENABLE_PREVIEWS = YES;
				GENERATE_INFOPLIST_FILE = YES;
				INFOPLIST_FILE = EisenhowerMatrix/Resources/Info.plist;
				INFOPLIST_KEY_NSHumanReadableCopyright = "Copyright © 2026. All rights reserved.";
				INFOPLIST_KEY_NSPrincipalClass = NSApplication;
				LD_RUNPATH_SEARCH_PATHS = (
					"$(inherited)",
					"@executable_path/../Frameworks",
				);
				MACOSX_DEPLOYMENT_TARGET = 13.0;
				MARKETING_VERSION = 1.0;
				PRODUCT_BUNDLE_IDENTIFIER = com.eisenhower.matrix;
				PRODUCT_NAME = "$(TARGET_NAME)";
				SWIFT_EMIT_LOC_STRINGS = YES;
				SWIFT_VERSION = 5.0;
			};
			name = Debug;
		};
		A1B2C3D40A000002 /* Release */ = {
			isa = XCBuildConfiguration;
			buildSettings = {
				ASSETCATALOG_COMPILER_APPICON_NAME = AppIcon;
				CODE_SIGN_ALLOW_ENTITLEMENTS_MODIFICATION = YES;
				CODE_SIGN_ENTITLEMENTS = EisenhowerMatrix/EisenhowerMatrix.entitlements;
				CODE_SIGN_STYLE = Automatic;
				COMBINE_HIDPI_IMAGES = YES;
				CURRENT_PROJECT_VERSION = 1;
				DEAD_CODE_STRIPPING = YES;
				ENABLE_APP_SANDBOX = YES;
				ENABLE_PREVIEWS = YES;
				GENERATE_INFOPLIST_FILE = YES;
				INFOPLIST_FILE = EisenhowerMatrix/Resources/Info.plist;
				INFOPLIST_KEY_NSHumanReadableCopyright = "Copyright © 2026. All rights reserved.";
				INFOPLIST_KEY_NSPrincipalClass = NSApplication;
				LD_RUNPATH_SEARCH_PATHS = (
					"$(inherited)",
					"@executable_path/../Frameworks",
				);
				MACOSX_DEPLOYMENT_TARGET = 13.0;
				MARKETING_VERSION = 1.0;
				PRODUCT_BUNDLE_IDENTIFIER = com.eisenhower.matrix;
				PRODUCT_NAME = "$(TARGET_NAME)";
				SWIFT_EMIT_LOC_STRINGS = YES;
				SWIFT_VERSION = 5.0;
			};
			name = Release;
		};
		A1B2C3D40A000003 /* Debug */ = {
			isa = XCBuildConfiguration;
			buildSettings = {
				ALWAYS_SEARCH_USER_PATHS = NO;
				ASSETCATALOG_COMPILER_GENERATE_SWIFT_ASSET_SYMBOL_EXTENSIONS = YES;
				CLANG_ANALYZER_LOCALIZABILITY_NONLOCALIZED = YES;
				CLANG_ANALYZER_NONNULL = YES;
				CLANG_ANALYZER_NUMBER_OBJECT_CONVERSION = YES_AGGRESSIVE;
				CLANG_CXX_LANGUAGE_STANDARD = "gnu++20";
				CLANG_ENABLE_MODULES = YES;
				CLANG_ENABLE_OBJC_ARC = YES;
				CLANG_ENABLE_OBJC_WEAK = YES;
				CLANG_WARN_BLOCK_CAPTURE_AUTORELEASING = YES;
				CLANG_WARN_BOOL_CONVERSION = YES;
				CLANG_WARN_COMMA = YES;
				CLANG_WARN_CONSTANT_CONVERSION = YES;
				CLANG_WARN_DEPRECATED_OBJC_IMPLEMENTATIONS = YES;
				CLANG_WARN_DIRECT_OBJC_ISA_USAGE = YES_ERROR;
				CLANG_WARN_DOCUMENTATION_COMMENTS = YES;
				CLANG_WARN_EMPTY_BODY = YES;
				CLANG_WARN_ENUM_CONVERSION = YES;
				CLANG_WARN_INFINITE_RECURSION = YES;
				CLANG_WARN_INT_CONVERSION = YES;
				CLANG_WARN_NON_LITERAL_NULL_CONVERSION = YES;
				CLANG_WARN_OBJC_IMPLICIT_RETAIN_SELF = YES;
				CLANG_WARN_OBJC_LITERAL_CONVERSION = YES;
				CLANG_WARN_OBJC_ROOT_CLASS = YES_ERROR;
				CLANG_WARN_QUOTED_INCLUDE_IN_FRAMEWORK_HEADER = YES;
				CLANG_WARN_RANGE_LOOP_ANALYSIS = YES;
				CLANG_WARN_STRICT_PROTOTYPES = YES;
				CLANG_WARN_SUSPICIOUS_MOVE = YES;
				CLANG_WARN_UNGUARDED_AVAILABILITY = YES_AGGRESSIVE;
				CLANG_WARN_UNREACHABLE_CODE = YES;
				CLANG_WARN__DUPLICATE_METHOD_MATCH = YES;
				COPY_PHASE_STRIP = NO;
				DEAD_CODE_STRIPPING = YES;
				DEBUG_INFORMATION_FORMAT = dwarf;
				ENABLE_STRICT_OBJC_MSGSEND = YES;
				ENABLE_TESTABILITY = YES;
				ENABLE_USER_SCRIPT_SANDBOXING = YES;
				GCC_C_LANGUAGE_STANDARD = gnu17;
				GCC_DYNAMIC_NO_PIC = NO;
				GCC_NO_COMMON_BLOCKS = YES;
				GCC_OPTIMIZATION_LEVEL = 0;
				GCC_PREPROCESSOR_DEFINITIONS = (
					"DEBUG=1",
					"$(inherited)",
				);
				GCC_WARN_64_TO_32_BIT_CONVERSION = YES;
				GCC_WARN_ABOUT_RETURN_TYPE = YES_ERROR;
				GCC_WARN_UNDECLARED_SELECTOR = YES;
				GCC_WARN_UNINITIALIZED_AUTOS = YES_AGGRESSIVE;
				GCC_WARN_UNUSED_FUNCTION = YES;
				GCC_WARN_UNUSED_VARIABLE = YES;
				MACOSX_DEPLOYMENT_TARGET = 13.0;
				MTL_ENABLE_DEBUG_INFO = INCLUDE_SOURCE;
				MTL_FAST_MATH = YES;
				ONLY_ACTIVE_ARCH = YES;
				SDKROOT = macosx;
				SWIFT_ACTIVE_COMPILATION_CONDITIONS = "DEBUG $(inherited)";
				SWIFT_OPTIMIZATION_LEVEL = "-Onone";
			};
			name = Debug;
		};
		A1B2C3D40A000004 /* Release */ = {
			isa = XCBuildConfiguration;
			buildSettings = {
				ALWAYS_SEARCH_USER_PATHS = NO;
				ASSETCATALOG_COMPILER_GENERATE_SWIFT_ASSET_SYMBOL_EXTENSIONS = YES;
				CLANG_ANALYZER_LOCALIZABILITY_NONLOCALIZED = YES;
				CLANG_ANALYZER_NONNULL = YES;
				CLANG_ANALYZER_NUMBER_OBJECT_CONVERSION = YES_AGGRESSIVE;
				CLANG_CXX_LANGUAGE_STANDARD = "gnu++20";
				CLANG_ENABLE_MODULES = YES;
				CLANG_ENABLE_OBJC_ARC = YES;
				CLANG_ENABLE_OBJC_WEAK = YES;
				CLANG_WARN_BLOCK_CAPTURE_AUTORELEASING = YES;
				CLANG_WARN_BOOL_CONVERSION = YES;
				CLANG_WARN_COMMA = YES;
				CLANG_WARN_CONSTANT_CONVERSION = YES;
				CLANG_WARN_DEPRECATED_OBJC_IMPLEMENTATIONS = YES;
				CLANG_WARN_DIRECT_OBJC_ISA_USAGE = YES_ERROR;
				CLANG_WARN_DOCUMENTATION_COMMENTS = YES;
				CLANG_WARN_EMPTY_BODY = YES;
				CLANG_WARN_ENUM_CONVERSION = YES;
				CLANG_WARN_INFINITE_RECURSION = YES;
				CLANG_WARN_INT_CONVERSION = YES;
				CLANG_WARN_NON_LITERAL_NULL_CONVERSION = YES;
				CLANG_WARN_OBJC_IMPLICIT_RETAIN_SELF = YES;
				CLANG_WARN_OBJC_LITERAL_CONVERSION = YES;
				CLANG_WARN_OBJC_ROOT_CLASS = YES_ERROR;
				CLANG_WARN_QUOTED_INCLUDE_IN_FRAMEWORK_HEADER = YES;
				CLANG_WARN_RANGE_LOOP_ANALYSIS = YES;
				CLANG_WARN_STRICT_PROTOTYPES = YES;
				CLANG_WARN_SUSPICIOUS_MOVE = YES;
				CLANG_WARN_UNGUARDED_AVAILABILITY = YES_AGGRESSIVE;
				CLANG_WARN_UNREACHABLE_CODE = YES;
				CLANG_WARN__DUPLICATE_METHOD_MATCH = YES;
				COPY_PHASE_STRIP = NO;
				DEAD_CODE_STRIPPING = YES;
				DEBUG_INFORMATION_FORMAT = "dwarf-with-dsym";
				ENABLE_NS_ASSERTIONS = NO;
				ENABLE_STRICT_OBJC_MSGSEND = YES;
				ENABLE_USER_SCRIPT_SANDBOXING = YES;
				GCC_C_LANGUAGE_STANDARD = gnu17;
				GCC_NO_COMMON_BLOCKS = YES;
				GCC_WARN_64_TO_32_BIT_CONVERSION = YES;
				GCC_WARN_ABOUT_RETURN_TYPE = YES_ERROR;
				GCC_WARN_UNDECLARED_SELECTOR = YES;
				GCC_WARN_UNINITIALIZED_AUTOS = YES_AGGRESSIVE;
				GCC_WARN_UNUSED_FUNCTION = YES;
				GCC_WARN_UNUSED_VARIABLE = YES;
				MACOSX_DEPLOYMENT_TARGET = 13.0;
				MTL_ENABLE_DEBUG_INFO = NO;
				MTL_FAST_MATH = YES;
				SDKROOT = macosx;
				SWIFT_COMPILATION_MODE = wholemodule;
			};
			name = Release;
		};
/* End XCBuildConfiguration section */

/* Begin XCConfigurationList section */
		A1B2C3D409000001 /* Build configuration list for PBXNativeTarget "EisenhowerMatrix" */ = {
			isa = XCConfigurationList;
			buildConfigurations = (
				A1B2C3D40A000001 /* Debug */,
				A1B2C3D40A000002 /* Release */,
			);
			defaultConfigurationIsVisible = 0;
			defaultConfigurationName = Release;
		};
		A1B2C3D409000002 /* Build configuration list for PBXProject "EisenhowerMatrix" */ = {
			isa = XCConfigurationList;
			buildConfigurations = (
				A1B2C3D40A000003 /* Debug */,
				A1B2C3D40A000004 /* Release */,
			);
			defaultConfigurationIsVisible = 0;
			defaultConfigurationName = Release;
		};
/* End XCConfigurationList section */
	};
	rootObject = A1B2C3D408000001 /* Project object */;
}
